
Microsoft Visual Studio Solution File, Format Version 12.00
Project("{FAE04EC0-301F-11D3-BF4B-00C04F79EFBC}") = "OptionsPatternCityApi", "OptionsPatternCityApi\OptionsPatternCityApi.csproj", "{CE7CE000-A83B-4BCD-94AE-9C1C7F2194CB}"
EndProject
Global
	GlobalSection(SolutionConfigurationPlatforms) = preSolution
		Debug|Any CPU = Debug|Any CPU
		Release|Any CPU = Release|Any CPU
	EndGlobalSection
	GlobalSection(ProjectConfigurationPlatforms) = postSolution
		{CE7CE000-A83B-4BCD-94AE-9C1C7F2194CB}.Debug|Any CPU.ActiveCfg = Debug|Any CPU
		{CE7CE000-A83B-4BCD-94AE-9C1C7F2194CB}.Debug|Any CPU.Build.0 = Debug|Any CPU
		{CE7CE000-A83B-4BCD-94AE-9C1C7F2194CB}.Release|Any CPU.ActiveCfg = Release|Any CPU
		{CE7CE000-A83B-4BCD-94AE-9C1C7F2194CB}.Release|Any CPU.Build.0 = Release|Any CPU
	EndGlobalSection
EndGlobal
